
Microsoft Visual Studio Solution File, Format Version 12.00
# Visual Studio 15
VisualStudioVersion = 15.0.27428.1
MinimumVisualStudioVersion = 10.0.40219.1
Project("{FAE04EC0-301F-11D3-BF4B-00C04F79EFBC}") = "WeeklySales", "WeeklySales\WeeklySales.csproj", "{A8A2672E-A6A0-4DFC-9F75-5CF0EFBBF158}"
EndProject
Global
	GlobalSection(SolutionConfigurationPlatforms) = preSolution
		Debug|Any CPU = Debug|Any CPU
		Release|Any CPU = Release|Any CPU
	EndGlobalSection
	GlobalSection(ProjectConfigurationPlatforms) = postSolution
		{A8A2672E-A6A0-4DFC-9F75-5CF0EFBBF158}.Debug|Any CPU.ActiveCfg = Debug|Any CPU
		{A8A2672E-A6A0-4DFC-9F75-5CF0EFBBF158}.Debug|Any CPU.Build.0 = Debug|Any CPU
		{A8A2672E-A6A0-4DFC-9F75-5CF0EFBBF158}.Release|Any CPU.ActiveCfg = Release|Any CPU
		{A8A2672E-A6A0-4DFC-9F75-5CF0EFBBF158}.Release|Any CPU.Build.0 = Release|Any CPU
	EndGlobalSection
	GlobalSection(SolutionProperties) = preSolution
		HideSolutionNode = FALSE
	EndGlobalSection
	GlobalSection(ExtensibilityGlobals) = postSolution
		SolutionGuid = {A1D1711C-C60A-4C17-B3CD-9B7D2B9F75F3}
	EndGlobalSection
EndGlobal
