
Microsoft Visual Studio Solution File, Format Version 12.00
# Visual Studio 15
VisualStudioVersion = 15.0.27428.1
MinimumVisualStudioVersion = 10.0.40219.1
Project("{FAE04EC0-301F-11D3-BF4B-00C04F79EFBC}") = "FileBrowser", "FileBrowser\FileBrowser.csproj", "{FA5CEC54-DD6B-43E8-A4A0-942FC10A9B08}"
EndProject
Global
	GlobalSection(SolutionConfigurationPlatforms) = preSolution
		Debug|Any CPU = Debug|Any CPU
		Release|Any CPU = Release|Any CPU
	EndGlobalSection
	GlobalSection(ProjectConfigurationPlatforms) = postSolution
		{FA5CEC54-DD6B-43E8-A4A0-942FC10A9B08}.Debug|Any CPU.ActiveCfg = Debug|Any CPU
		{FA5CEC54-DD6B-43E8-A4A0-942FC10A9B08}.Debug|Any CPU.Build.0 = Debug|Any CPU
		{FA5CEC54-DD6B-43E8-A4A0-942FC10A9B08}.Release|Any CPU.ActiveCfg = Release|Any CPU
		{FA5CEC54-DD6B-43E8-A4A0-942FC10A9B08}.Release|Any CPU.Build.0 = Release|Any CPU
	EndGlobalSection
	GlobalSection(SolutionProperties) = preSolution
		HideSolutionNode = FALSE
	EndGlobalSection
	GlobalSection(ExtensibilityGlobals) = postSolution
		SolutionGuid = {F2D368E9-33FE-4697-B8AB-6E9455EF5FD5}
	EndGlobalSection
EndGlobal
