
Microsoft Visual Studio Solution File, Format Version 12.00
# Visual Studio 15
VisualStudioVersion = 15.0.27428.1
MinimumVisualStudioVersion = 10.0.40219.1
Project("{FAE04EC0-301F-11D3-BF4B-00C04F79EFBC}") = "FiveNumbers", "FiveNumbers\FiveNumbers.csproj", "{9FA05D0C-B47A-4553-AD31-343CF00D0BAB}"
EndProject
Global
	GlobalSection(SolutionConfigurationPlatforms) = preSolution
		Debug|Any CPU = Debug|Any CPU
		Release|Any CPU = Release|Any CPU
	EndGlobalSection
	GlobalSection(ProjectConfigurationPlatforms) = postSolution
		{9FA05D0C-B47A-4553-AD31-343CF00D0BAB}.Debug|Any CPU.ActiveCfg = Debug|Any CPU
		{9FA05D0C-B47A-4553-AD31-343CF00D0BAB}.Debug|Any CPU.Build.0 = Debug|Any CPU
		{9FA05D0C-B47A-4553-AD31-343CF00D0BAB}.Release|Any CPU.ActiveCfg = Release|Any CPU
		{9FA05D0C-B47A-4553-AD31-343CF00D0BAB}.Release|Any CPU.Build.0 = Release|Any CPU
	EndGlobalSection
	GlobalSection(SolutionProperties) = preSolution
		HideSolutionNode = FALSE
	EndGlobalSection
	GlobalSection(ExtensibilityGlobals) = postSolution
		SolutionGuid = {CBD4855C-DD0F-4D91-9EAD-B3D3BC82DAAA}
	EndGlobalSection
EndGlobal
