
Microsoft Visual Studio Solution File, Format Version 12.00
# Visual Studio 15
VisualStudioVersion = 15.0.27428.1
MinimumVisualStudioVersion = 10.0.40219.1
Project("{FAE04EC0-301F-11D3-BF4B-00C04F79EFBC}") = "ListTest", "ListTest\ListTest.csproj", "{3EC934FE-BA8B-4BCD-9752-85657352117A}"
EndProject
Global
	GlobalSection(SolutionConfigurationPlatforms) = preSolution
		Debug|Any CPU = Debug|Any CPU
		Release|Any CPU = Release|Any CPU
	EndGlobalSection
	GlobalSection(ProjectConfigurationPlatforms) = postSolution
		{3EC934FE-BA8B-4BCD-9752-85657352117A}.Debug|Any CPU.ActiveCfg = Debug|Any CPU
		{3EC934FE-BA8B-4BCD-9752-85657352117A}.Debug|Any CPU.Build.0 = Debug|Any CPU
		{3EC934FE-BA8B-4BCD-9752-85657352117A}.Release|Any CPU.ActiveCfg = Release|Any CPU
		{3EC934FE-BA8B-4BCD-9752-85657352117A}.Release|Any CPU.Build.0 = Release|Any CPU
	EndGlobalSection
	GlobalSection(SolutionProperties) = preSolution
		HideSolutionNode = FALSE
	EndGlobalSection
	GlobalSection(ExtensibilityGlobals) = postSolution
		SolutionGuid = {83E3875F-FCBC-44AF-8F06-E93A6A7C8FEA}
	EndGlobalSection
EndGlobal
