
Microsoft Visual Studio Solution File, Format Version 12.00
# Visual Studio 15
VisualStudioVersion = 15.0.27428.1
MinimumVisualStudioVersion = 10.0.40219.1
Project("{FAE04EC0-301F-11D3-BF4B-00C04F79EFBC}") = "HealthProfile", "HealthProfile\HealthProfile.csproj", "{702A5CB3-BDEF-4549-8B83-14825211FA4F}"
EndProject
Global
	GlobalSection(SolutionConfigurationPlatforms) = preSolution
		Debug|Any CPU = Debug|Any CPU
		Release|Any CPU = Release|Any CPU
	EndGlobalSection
	GlobalSection(ProjectConfigurationPlatforms) = postSolution
		{702A5CB3-BDEF-4549-8B83-14825211FA4F}.Debug|Any CPU.ActiveCfg = Debug|Any CPU
		{702A5CB3-BDEF-4549-8B83-14825211FA4F}.Debug|Any CPU.Build.0 = Debug|Any CPU
		{702A5CB3-BDEF-4549-8B83-14825211FA4F}.Release|Any CPU.ActiveCfg = Release|Any CPU
		{702A5CB3-BDEF-4549-8B83-14825211FA4F}.Release|Any CPU.Build.0 = Release|Any CPU
	EndGlobalSection
	GlobalSection(SolutionProperties) = preSolution
		HideSolutionNode = FALSE
	EndGlobalSection
	GlobalSection(ExtensibilityGlobals) = postSolution
		SolutionGuid = {B486C8F4-CD7B-4C87-BDF9-642493100460}
	EndGlobalSection
EndGlobal
