
Microsoft Visual Studio Solution File, Format Version 12.00
# Visual Studio 15
VisualStudioVersion = 15.0.27428.1
MinimumVisualStudioVersion = 10.0.40219.1
Project("{FAE04EC0-301F-11D3-BF4B-00C04F79EFBC}") = "SavingsAcct", "SavingsAcct\SavingsAcct.csproj", "{55DDB75E-380C-4C3C-9AD3-A92EDA7D8B62}"
EndProject
Global
	GlobalSection(SolutionConfigurationPlatforms) = preSolution
		Debug|Any CPU = Debug|Any CPU
		Release|Any CPU = Release|Any CPU
	EndGlobalSection
	GlobalSection(ProjectConfigurationPlatforms) = postSolution
		{55DDB75E-380C-4C3C-9AD3-A92EDA7D8B62}.Debug|Any CPU.ActiveCfg = Debug|Any CPU
		{55DDB75E-380C-4C3C-9AD3-A92EDA7D8B62}.Debug|Any CPU.Build.0 = Debug|Any CPU
		{55DDB75E-380C-4C3C-9AD3-A92EDA7D8B62}.Release|Any CPU.ActiveCfg = Release|Any CPU
		{55DDB75E-380C-4C3C-9AD3-A92EDA7D8B62}.Release|Any CPU.Build.0 = Release|Any CPU
	EndGlobalSection
	GlobalSection(SolutionProperties) = preSolution
		HideSolutionNode = FALSE
	EndGlobalSection
	GlobalSection(ExtensibilityGlobals) = postSolution
		SolutionGuid = {A995DA96-655B-4A11-B90D-6367827A84C7}
	EndGlobalSection
EndGlobal
