
Microsoft Visual Studio Solution File, Format Version 12.00
# Visual Studio 15
VisualStudioVersion = 15.0.27428.1
MinimumVisualStudioVersion = 10.0.40219.1
Project("{FAE04EC0-301F-11D3-BF4B-00C04F79EFBC}") = "DigitSeparator", "DigitSeparator\DigitSeparator.csproj", "{6524AA2C-E4DE-4A6C-B252-941E9C67D13E}"
EndProject
Global
	GlobalSection(SolutionConfigurationPlatforms) = preSolution
		Debug|Any CPU = Debug|Any CPU
		Release|Any CPU = Release|Any CPU
	EndGlobalSection
	GlobalSection(ProjectConfigurationPlatforms) = postSolution
		{6524AA2C-E4DE-4A6C-B252-941E9C67D13E}.Debug|Any CPU.ActiveCfg = Debug|Any CPU
		{6524AA2C-E4DE-4A6C-B252-941E9C67D13E}.Debug|Any CPU.Build.0 = Debug|Any CPU
		{6524AA2C-E4DE-4A6C-B252-941E9C67D13E}.Release|Any CPU.ActiveCfg = Release|Any CPU
		{6524AA2C-E4DE-4A6C-B252-941E9C67D13E}.Release|Any CPU.Build.0 = Release|Any CPU
	EndGlobalSection
	GlobalSection(SolutionProperties) = preSolution
		HideSolutionNode = FALSE
	EndGlobalSection
	GlobalSection(ExtensibilityGlobals) = postSolution
		SolutionGuid = {66673DCF-D93D-4C5E-A56B-7E94BDEA7D55}
	EndGlobalSection
EndGlobal
