
Microsoft Visual Studio Solution File, Format Version 12.00
# Visual Studio 15
VisualStudioVersion = 15.0.27428.1
MinimumVisualStudioVersion = 10.0.40219.1
Project("{FAE04EC0-301F-11D3-BF4B-00C04F79EFBC}") = "SquareOfChars", "SquareOfChars\SquareOfChars.csproj", "{388D7E50-1CDD-4139-B24D-B26BF8AC02DD}"
EndProject
Global
	GlobalSection(SolutionConfigurationPlatforms) = preSolution
		Debug|Any CPU = Debug|Any CPU
		Release|Any CPU = Release|Any CPU
	EndGlobalSection
	GlobalSection(ProjectConfigurationPlatforms) = postSolution
		{388D7E50-1CDD-4139-B24D-B26BF8AC02DD}.Debug|Any CPU.ActiveCfg = Debug|Any CPU
		{388D7E50-1CDD-4139-B24D-B26BF8AC02DD}.Debug|Any CPU.Build.0 = Debug|Any CPU
		{388D7E50-1CDD-4139-B24D-B26BF8AC02DD}.Release|Any CPU.ActiveCfg = Release|Any CPU
		{388D7E50-1CDD-4139-B24D-B26BF8AC02DD}.Release|Any CPU.Build.0 = Release|Any CPU
	EndGlobalSection
	GlobalSection(SolutionProperties) = preSolution
		HideSolutionNode = FALSE
	EndGlobalSection
	GlobalSection(ExtensibilityGlobals) = postSolution
		SolutionGuid = {602B7D9E-FE6C-40D6-B838-61DB69985875}
	EndGlobalSection
EndGlobal
