
Microsoft Visual Studio Solution File, Format Version 12.00
# Visual Studio 15
VisualStudioVersion = 15.0.27428.1
MinimumVisualStudioVersion = 10.0.40219.1
Project("{FAE04EC0-301F-11D3-BF4B-00C04F79EFBC}") = "MergeSort", "MergeSort\MergeSort.csproj", "{C56EF507-42E7-490A-A86D-AF54734AB62F}"
EndProject
Global
	GlobalSection(SolutionConfigurationPlatforms) = preSolution
		Debug|Any CPU = Debug|Any CPU
		Release|Any CPU = Release|Any CPU
	EndGlobalSection
	GlobalSection(ProjectConfigurationPlatforms) = postSolution
		{C56EF507-42E7-490A-A86D-AF54734AB62F}.Debug|Any CPU.ActiveCfg = Debug|Any CPU
		{C56EF507-42E7-490A-A86D-AF54734AB62F}.Debug|Any CPU.Build.0 = Debug|Any CPU
		{C56EF507-42E7-490A-A86D-AF54734AB62F}.Release|Any CPU.ActiveCfg = Release|Any CPU
		{C56EF507-42E7-490A-A86D-AF54734AB62F}.Release|Any CPU.Build.0 = Release|Any CPU
	EndGlobalSection
	GlobalSection(SolutionProperties) = preSolution
		HideSolutionNode = FALSE
	EndGlobalSection
	GlobalSection(ExtensibilityGlobals) = postSolution
		SolutionGuid = {8363DF87-1590-477E-8914-A954790B9085}
	EndGlobalSection
EndGlobal
