
Microsoft Visual Studio Solution File, Format Version 12.00
# Visual Studio 15
VisualStudioVersion = 15.0.27428.1
MinimumVisualStudioVersion = 10.0.40219.1
Project("{FAE04EC0-301F-11D3-BF4B-00C04F79EFBC}") = "PrimeTest", "PrimeTest\PrimeTest.csproj", "{B1C8BA47-A404-4DE0-BF58-131F26F7CE36}"
EndProject
Global
	GlobalSection(SolutionConfigurationPlatforms) = preSolution
		Debug|Any CPU = Debug|Any CPU
		Release|Any CPU = Release|Any CPU
	EndGlobalSection
	GlobalSection(ProjectConfigurationPlatforms) = postSolution
		{B1C8BA47-A404-4DE0-BF58-131F26F7CE36}.Debug|Any CPU.ActiveCfg = Debug|Any CPU
		{B1C8BA47-A404-4DE0-BF58-131F26F7CE36}.Debug|Any CPU.Build.0 = Debug|Any CPU
		{B1C8BA47-A404-4DE0-BF58-131F26F7CE36}.Release|Any CPU.ActiveCfg = Release|Any CPU
		{B1C8BA47-A404-4DE0-BF58-131F26F7CE36}.Release|Any CPU.Build.0 = Release|Any CPU
	EndGlobalSection
	GlobalSection(SolutionProperties) = preSolution
		HideSolutionNode = FALSE
	EndGlobalSection
	GlobalSection(ExtensibilityGlobals) = postSolution
		SolutionGuid = {CD74342B-D3C2-4CD0-9484-437698F7C8E1}
	EndGlobalSection
EndGlobal
